// !$*UTF8*$!
{
	archiveVersion = 1;
	classes = {
	};
	objectVersion = 46;
	objects = {

/* Begin PBXBuildFile section */
		CA178E2818550942004AAC79 /* FlickrPhotosCDTVC.m in Sources */ = {isa = PBXBuildFile; fileRef = CA178E2718550942004AAC79 /* FlickrPhotosCDTVC.m */; };
		CA3B189718539E3000935AF1 /* Foundation.framework in Frameworks */ = {isa = PBXBuildFile; fileRef = CA3B189618539E3000935AF1 /* Foundation.framework */; };
		CA3B189918539E3000935AF1 /* CoreGraphics.framework in Frameworks */ = {isa = PBXBuildFile; fileRef = CA3B189818539E3000935AF1 /* CoreGraphics.framework */; };
		CA3B189B18539E3000935AF1 /* UIKit.framework in Frameworks */ = {isa = PBXBuildFile; fileRef = CA3B189A18539E3000935AF1 /* UIKit.framework */; };
		CA3B18A118539E3000935AF1 /* InfoPlist.strings in Resources */ = {isa = PBXBuildFile; fileRef = CA3B189F18539E3000935AF1 /* InfoPlist.strings */; };
		CA3B18A318539E3000935AF1 /* main.m in Sources */ = {isa = PBXBuildFile; fileRef = CA3B18A218539E3000935AF1 /* main.m */; };
		CA3B18A718539E3000935AF1 /* AppDelegate.m in Sources */ = {isa = PBXBuildFile; fileRef = CA3B18A618539E3000935AF1 /* AppDelegate.m */; };
		CA3B18AA18539E3000935AF1 /* iPhone.storyboard in Resources */ = {isa = PBXBuildFile; fileRef = CA3B18A818539E3000935AF1 /* iPhone.storyboard */; };
		CA3B18AF18539E3000935AF1 /* Images.xcassets in Resources */ = {isa = PBXBuildFile; fileRef = CA3B18AE18539E3000935AF1 /* Images.xcassets */; };
		CA3B18B618539E3000935AF1 /* XCTest.framework in Frameworks */ = {isa = PBXBuildFile; fileRef = CA3B18B518539E3000935AF1 /* XCTest.framework */; };
		CA3B18B718539E3000935AF1 /* Foundation.framework in Frameworks */ = {isa = PBXBuildFile; fileRef = CA3B189618539E3000935AF1 /* Foundation.framework */; };
		CA3B18B818539E3100935AF1 /* UIKit.framework in Frameworks */ = {isa = PBXBuildFile; fileRef = CA3B189A18539E3000935AF1 /* UIKit.framework */; };
		CA3B18C018539E3100935AF1 /* InfoPlist.strings in Resources */ = {isa = PBXBuildFile; fileRef = CA3B18BE18539E3100935AF1 /* InfoPlist.strings */; };
		CA3B18C218539E3100935AF1 /* PhotomaniaTests.m in Sources */ = {isa = PBXBuildFile; fileRef = CA3B18C118539E3100935AF1 /* PhotomaniaTests.m */; };
		CA3B18CD18539EFF00935AF1 /* Model.xcdatamodeld in Sources */ = {isa = PBXBuildFile; fileRef = CA3B18CB18539EFF00935AF1 /* Model.xcdatamodeld */; };
		CA587C831853AE9A00061060 /* CoreDataTableViewController.m in Sources */ = {isa = PBXBuildFile; fileRef = CA587C7F1853AE9A00061060 /* CoreDataTableViewController.m */; };
		CA587C841853AE9A00061060 /* FlickrFetcher.m in Sources */ = {isa = PBXBuildFile; fileRef = CA587C821853AE9A00061060 /* FlickrFetcher.m */; };
		CA587C991853B28600061060 /* Photo+Flickr.m in Sources */ = {isa = PBXBuildFile; fileRef = CA587C981853B28600061060 /* Photo+Flickr.m */; };
		CA6736B5186FDEB700DD74D5 /* PlaceFlickrPhotosCDTVC.m in Sources */ = {isa = PBXBuildFile; fileRef = CA6736B4186FDEB700DD74D5 /* PlaceFlickrPhotosCDTVC.m */; };
		CA6736B8186FDEF000DD74D5 /* LatestGeoreferencedFlickrPhotosCDTVC.m in Sources */ = {isa = PBXBuildFile; fileRef = CA6736B7186FDEF000DD74D5 /* LatestGeoreferencedFlickrPhotosCDTVC.m */; };
		CA6736BD186FF3AF00DD74D5 /* FlickrPhotoLayoutView.m in Sources */ = {isa = PBXBuildFile; fileRef = CA6736BA186FF3AF00DD74D5 /* FlickrPhotoLayoutView.m */; };
		CA6736BE186FF3AF00DD74D5 /* FlickrPhotoViewController.m in Sources */ = {isa = PBXBuildFile; fileRef = CA6736BC186FF3AF00DD74D5 /* FlickrPhotoViewController.m */; };
		CA6736C1186FF3F000DD74D5 /* FlickrPhotoCacheManager.m in Sources */ = {isa = PBXBuildFile; fileRef = CA6736C0186FF3F000DD74D5 /* FlickrPhotoCacheManager.m */; };
		CA6736C4187011B700DD74D5 /* Place.m in Sources */ = {isa = PBXBuildFile; fileRef = CA6736C3187011B700DD74D5 /* Place.m */; };
		CA6736D71870D15100DD74D5 /* UIManagedDocumentHandler.m in Sources */ = {isa = PBXBuildFile; fileRef = CA6736D61870D15100DD74D5 /* UIManagedDocumentHandler.m */; };
		CA6736D91871029600DD74D5 /* UITableViewCellPlaceholderImage.png in Resources */ = {isa = PBXBuildFile; fileRef = CA6736D81871029600DD74D5 /* UITableViewCellPlaceholderImage.png */; };
		CA6736DB18712C0300DD74D5 /* iPad.storyboard in Resources */ = {isa = PBXBuildFile; fileRef = CA6736DA18712C0300DD74D5 /* iPad.storyboard */; };
		CA6736DE18712EFF00DD74D5 /* MapViewController.m in Sources */ = {isa = PBXBuildFile; fileRef = CA6736DD18712EFF00DD74D5 /* MapViewController.m */; };
		CA6736E21871300C00DD74D5 /* PhotographerMapViewController.m in Sources */ = {isa = PBXBuildFile; fileRef = CA6736E11871300C00DD74D5 /* PhotographerMapViewController.m */; };
		CA6736E51871309A00DD74D5 /* PhotosByPhotographerMapViewController.m in Sources */ = {isa = PBXBuildFile; fileRef = CA6736E41871309A00DD74D5 /* PhotosByPhotographerMapViewController.m */; };
		CA6736FA1871347E00DD74D5 /* Photographer.m in Sources */ = {isa = PBXBuildFile; fileRef = CA6736F91871347E00DD74D5 /* Photographer.m */; };
		CA673700187135C800DD74D5 /* Photographer+Create.m in Sources */ = {isa = PBXBuildFile; fileRef = CA6736FF187135C800DD74D5 /* Photographer+Create.m */; };
		CA67370318713A5F00DD74D5 /* SeedPhotographerMapViewController.m in Sources */ = {isa = PBXBuildFile; fileRef = CA67370218713A5F00DD74D5 /* SeedPhotographerMapViewController.m */; };
		CA67370618713D6900DD74D5 /* Photo+MKAnnotation.m in Sources */ = {isa = PBXBuildFile; fileRef = CA67370518713D6900DD74D5 /* Photo+MKAnnotation.m */; };
		CA67370918713D8400DD74D5 /* Photographer+MKAnnotation.m in Sources */ = {isa = PBXBuildFile; fileRef = CA67370818713D8400DD74D5 /* Photographer+MKAnnotation.m */; };
		CA67370F18713F2F00DD74D5 /* Photo.m in Sources */ = {isa = PBXBuildFile; fileRef = CA67370E18713F2F00DD74D5 /* Photo.m */; };
		CA68CB1D1853EC2A002C4D6C /* Place+Flickr.m in Sources */ = {isa = PBXBuildFile; fileRef = CA68CB1C1853EC2A002C4D6C /* Place+Flickr.m */; };
		CA68CB231853FBFC002C4D6C /* FlickrPlacesCDTVC.m in Sources */ = {isa = PBXBuildFile; fileRef = CA68CB221853FBFC002C4D6C /* FlickrPlacesCDTVC.m */; };
		CA68CB2618541E58002C4D6C /* SeedFlickrPlacesCDTVC.m in Sources */ = {isa = PBXBuildFile; fileRef = CA68CB2518541E58002C4D6C /* SeedFlickrPlacesCDTVC.m */; };
		CA68CB2818542847002C4D6C /* CoreData.framework in Frameworks */ = {isa = PBXBuildFile; fileRef = CA68CB2718542847002C4D6C /* CoreData.framework */; };
/* End PBXBuildFile section */

/* Begin PBXContainerItemProxy section */
		CA3B18B918539E3100935AF1 /* PBXContainerItemProxy */ = {
			isa = PBXContainerItemProxy;
			containerPortal = CA3B188B18539E3000935AF1 /* Project object */;
			proxyType = 1;
			remoteGlobalIDString = CA3B189218539E3000935AF1;
			remoteInfo = Photomania;
		};
/* End PBXContainerItemProxy section */

/* Begin PBXFileReference section */
		CA178E2618550942004AAC79 /* FlickrPhotosCDTVC.h */ = {isa = PBXFileReference; fileEncoding = 4; lastKnownFileType = sourcecode.c.h; path = FlickrPhotosCDTVC.h; sourceTree = "<group>"; };
		CA178E2718550942004AAC79 /* FlickrPhotosCDTVC.m */ = {isa = PBXFileReference; fileEncoding = 4; lastKnownFileType = sourcecode.c.objc; path = FlickrPhotosCDTVC.m; sourceTree = "<group>"; };
		CA3B189318539E3000935AF1 /* Photomania.app */ = {isa = PBXFileReference; explicitFileType = wrapper.application; includeInIndex = 0; path = Photomania.app; sourceTree = BUILT_PRODUCTS_DIR; };
		CA3B189618539E3000935AF1 /* Foundation.framework */ = {isa = PBXFileReference; lastKnownFileType = wrapper.framework; name = Foundation.framework; path = System/Library/Frameworks/Foundation.framework; sourceTree = SDKROOT; };
		CA3B189818539E3000935AF1 /* CoreGraphics.framework */ = {isa = PBXFileReference; lastKnownFileType = wrapper.framework; name = CoreGraphics.framework; path = System/Library/Frameworks/CoreGraphics.framework; sourceTree = SDKROOT; };
		CA3B189A18539E3000935AF1 /* UIKit.framework */ = {isa = PBXFileReference; lastKnownFileType = wrapper.framework; name = UIKit.framework; path = System/Library/Frameworks/UIKit.framework; sourceTree = SDKROOT; };
		CA3B189E18539E3000935AF1 /* Photomania-Info.plist */ = {isa = PBXFileReference; lastKnownFileType = text.plist.xml; path = "Photomania-Info.plist"; sourceTree = "<group>"; };
		CA3B18A018539E3000935AF1 /* en */ = {isa = PBXFileReference; lastKnownFileType = text.plist.strings; name = en; path = en.lproj/InfoPlist.strings; sourceTree = "<group>"; };
		CA3B18A218539E3000935AF1 /* main.m */ = {isa = PBXFileReference; lastKnownFileType = sourcecode.c.objc; path = main.m; sourceTree = "<group>"; };
		CA3B18A418539E3000935AF1 /* Photomania-Prefix.pch */ = {isa = PBXFileReference; lastKnownFileType = sourcecode.c.h; path = "Photomania-Prefix.pch"; sourceTree = "<group>"; };
		CA3B18A518539E3000935AF1 /* AppDelegate.h */ = {isa = PBXFileReference; lastKnownFileType = sourcecode.c.h; path = AppDelegate.h; sourceTree = "<group>"; };
		CA3B18A618539E3000935AF1 /* AppDelegate.m */ = {isa = PBXFileReference; lastKnownFileType = sourcecode.c.objc; path = AppDelegate.m; sourceTree = "<group>"; };
		CA3B18A918539E3000935AF1 /* Base */ = {isa = PBXFileReference; lastKnownFileType = file.storyboard; name = Base; path = Base.lproj/iPhone.storyboard; sourceTree = "<group>"; };
		CA3B18AE18539E3000935AF1 /* Images.xcassets */ = {isa = PBXFileReference; lastKnownFileType = folder.assetcatalog; path = Images.xcassets; sourceTree = "<group>"; };
		CA3B18B418539E3000935AF1 /* PhotomaniaTests.xctest */ = {isa = PBXFileReference; explicitFileType = wrapper.cfbundle; includeInIndex = 0; path = PhotomaniaTests.xctest; sourceTree = BUILT_PRODUCTS_DIR; };
		CA3B18B518539E3000935AF1 /* XCTest.framework */ = {isa = PBXFileReference; lastKnownFileType = wrapper.framework; name = XCTest.framework; path = Library/Frameworks/XCTest.framework; sourceTree = DEVELOPER_DIR; };
		CA3B18BD18539E3100935AF1 /* PhotomaniaTests-Info.plist */ = {isa = PBXFileReference; lastKnownFileType = text.plist.xml; path = "PhotomaniaTests-Info.plist"; sourceTree = "<group>"; };
		CA3B18BF18539E3100935AF1 /* en */ = {isa = PBXFileReference; lastKnownFileType = text.plist.strings; name = en; path = en.lproj/InfoPlist.strings; sourceTree = "<group>"; };
		CA3B18C118539E3100935AF1 /* PhotomaniaTests.m */ = {isa = PBXFileReference; lastKnownFileType = sourcecode.c.objc; path = PhotomaniaTests.m; sourceTree = "<group>"; };
		CA3B18CC18539EFF00935AF1 /* Model.xcdatamodel */ = {isa = PBXFileReference; lastKnownFileType = wrapper.xcdatamodel; path = Model.xcdatamodel; sourceTree = "<group>"; };
		CA587C7E1853AE9A00061060 /* CoreDataTableViewController.h */ = {isa = PBXFileReference; fileEncoding = 4; lastKnownFileType = sourcecode.c.h; path = CoreDataTableViewController.h; sourceTree = "<group>"; };
		CA587C7F1853AE9A00061060 /* CoreDataTableViewController.m */ = {isa = PBXFileReference; fileEncoding = 4; lastKnownFileType = sourcecode.c.objc; path = CoreDataTableViewController.m; sourceTree = "<group>"; };
		CA587C801853AE9A00061060 /* FlickrAPIKey.h */ = {isa = PBXFileReference; fileEncoding = 4; lastKnownFileType = sourcecode.c.h; path = FlickrAPIKey.h; sourceTree = "<group>"; };
		CA587C811853AE9A00061060 /* FlickrFetcher.h */ = {isa = PBXFileReference; fileEncoding = 4; lastKnownFileType = sourcecode.c.h; path = FlickrFetcher.h; sourceTree = "<group>"; };
		CA587C821853AE9A00061060 /* FlickrFetcher.m */ = {isa = PBXFileReference; fileEncoding = 4; lastKnownFileType = sourcecode.c.objc; path = FlickrFetcher.m; sourceTree = "<group>"; };
		CA587C971853B28600061060 /* Photo+Flickr.h */ = {isa = PBXFileReference; fileEncoding = 4; lastKnownFileType = sourcecode.c.h; path = "Photo+Flickr.h"; sourceTree = "<group>"; };
		CA587C981853B28600061060 /* Photo+Flickr.m */ = {isa = PBXFileReference; fileEncoding = 4; lastKnownFileType = sourcecode.c.objc; path = "Photo+Flickr.m"; sourceTree = "<group>"; };
		CA6736B3186FDEB700DD74D5 /* PlaceFlickrPhotosCDTVC.h */ = {isa = PBXFileReference; fileEncoding = 4; lastKnownFileType = sourcecode.c.h; path = PlaceFlickrPhotosCDTVC.h; sourceTree = "<group>"; };
		CA6736B4186FDEB700DD74D5 /* PlaceFlickrPhotosCDTVC.m */ = {isa = PBXFileReference; fileEncoding = 4; lastKnownFileType = sourcecode.c.objc; path = PlaceFlickrPhotosCDTVC.m; sourceTree = "<group>"; };
		CA6736B6186FDEF000DD74D5 /* LatestGeoreferencedFlickrPhotosCDTVC.h */ = {isa = PBXFileReference; fileEncoding = 4; lastKnownFileType = sourcecode.c.h; path = LatestGeoreferencedFlickrPhotosCDTVC.h; sourceTree = "<group>"; };
		CA6736B7186FDEF000DD74D5 /* LatestGeoreferencedFlickrPhotosCDTVC.m */ = {isa = PBXFileReference; fileEncoding = 4; lastKnownFileType = sourcecode.c.objc; path = LatestGeoreferencedFlickrPhotosCDTVC.m; sourceTree = "<group>"; };
		CA6736B9186FF3AF00DD74D5 /* FlickrPhotoLayoutView.h */ = {isa = PBXFileReference; fileEncoding = 4; lastKnownFileType = sourcecode.c.h; path = FlickrPhotoLayoutView.h; sourceTree = "<group>"; };
		CA6736BA186FF3AF00DD74D5 /* FlickrPhotoLayoutView.m */ = {isa = PBXFileReference; fileEncoding = 4; lastKnownFileType = sourcecode.c.objc; path = FlickrPhotoLayoutView.m; sourceTree = "<group>"; };
		CA6736BB186FF3AF00DD74D5 /* FlickrPhotoViewController.h */ = {isa = PBXFileReference; fileEncoding = 4; lastKnownFileType = sourcecode.c.h; path = FlickrPhotoViewController.h; sourceTree = "<group>"; };
		CA6736BC186FF3AF00DD74D5 /* FlickrPhotoViewController.m */ = {isa = PBXFileReference; fileEncoding = 4; lastKnownFileType = sourcecode.c.objc; path = FlickrPhotoViewController.m; sourceTree = "<group>"; };
		CA6736BF186FF3F000DD74D5 /* FlickrPhotoCacheManager.h */ = {isa = PBXFileReference; fileEncoding = 4; lastKnownFileType = sourcecode.c.h; path = FlickrPhotoCacheManager.h; sourceTree = "<group>"; };
		CA6736C0186FF3F000DD74D5 /* FlickrPhotoCacheManager.m */ = {isa = PBXFileReference; fileEncoding = 4; lastKnownFileType = sourcecode.c.objc; path = FlickrPhotoCacheManager.m; sourceTree = "<group>"; };
		CA6736C2187011B700DD74D5 /* Place.h */ = {isa = PBXFileReference; fileEncoding = 4; lastKnownFileType = sourcecode.c.h; path = Place.h; sourceTree = "<group>"; };
		CA6736C3187011B700DD74D5 /* Place.m */ = {isa = PBXFileReference; fileEncoding = 4; lastKnownFileType = sourcecode.c.objc; path = Place.m; sourceTree = "<group>"; };
		CA6736D51870D15100DD74D5 /* UIManagedDocumentHandler.h */ = {isa = PBXFileReference; fileEncoding = 4; lastKnownFileType = sourcecode.c.h; path = UIManagedDocumentHandler.h; sourceTree = "<group>"; };
		CA6736D61870D15100DD74D5 /* UIManagedDocumentHandler.m */ = {isa = PBXFileReference; fileEncoding = 4; lastKnownFileType = sourcecode.c.objc; path = UIManagedDocumentHandler.m; sourceTree = "<group>"; };
		CA6736D81871029600DD74D5 /* UITableViewCellPlaceholderImage.png */ = {isa = PBXFileReference; lastKnownFileType = image.png; path = UITableViewCellPlaceholderImage.png; sourceTree = "<group>"; };
		CA6736DA18712C0300DD74D5 /* iPad.storyboard */ = {isa = PBXFileReference; fileEncoding = 4; lastKnownFileType = file.storyboard; path = iPad.storyboard; sourceTree = "<group>"; };
		CA6736DC18712EFF00DD74D5 /* MapViewController.h */ = {isa = PBXFileReference; fileEncoding = 4; lastKnownFileType = sourcecode.c.h; path = MapViewController.h; sourceTree = "<group>"; };
		CA6736DD18712EFF00DD74D5 /* MapViewController.m */ = {isa = PBXFileReference; fileEncoding = 4; lastKnownFileType = sourcecode.c.objc; path = MapViewController.m; sourceTree = "<group>"; };
		CA6736E01871300C00DD74D5 /* PhotographerMapViewController.h */ = {isa = PBXFileReference; fileEncoding = 4; lastKnownFileType = sourcecode.c.h; path = PhotographerMapViewController.h; sourceTree = "<group>"; };
		CA6736E11871300C00DD74D5 /* PhotographerMapViewController.m */ = {isa = PBXFileReference; fileEncoding = 4; lastKnownFileType = sourcecode.c.objc; path = PhotographerMapViewController.m; sourceTree = "<group>"; };
		CA6736E31871309A00DD74D5 /* PhotosByPhotographerMapViewController.h */ = {isa = PBXFileReference; fileEncoding = 4; lastKnownFileType = sourcecode.c.h; path = PhotosByPhotographerMapViewController.h; sourceTree = "<group>"; };
		CA6736E41871309A00DD74D5 /* PhotosByPhotographerMapViewController.m */ = {isa = PBXFileReference; fileEncoding = 4; lastKnownFileType = sourcecode.c.objc; path = PhotosByPhotographerMapViewController.m; sourceTree = "<group>"; };
		CA6736F81871347E00DD74D5 /* Photographer.h */ = {isa = PBXFileReference; fileEncoding = 4; lastKnownFileType = sourcecode.c.h; path = Photographer.h; sourceTree = "<group>"; };
		CA6736F91871347E00DD74D5 /* Photographer.m */ = {isa = PBXFileReference; fileEncoding = 4; lastKnownFileType = sourcecode.c.objc; path = Photographer.m; sourceTree = "<group>"; };
		CA6736FE187135C800DD74D5 /* Photographer+Create.h */ = {isa = PBXFileReference; fileEncoding = 4; lastKnownFileType = sourcecode.c.h; path = "Photographer+Create.h"; sourceTree = "<group>"; };
		CA6736FF187135C800DD74D5 /* Photographer+Create.m */ = {isa = PBXFileReference; fileEncoding = 4; lastKnownFileType = sourcecode.c.objc; path = "Photographer+Create.m"; sourceTree = "<group>"; };
		CA67370118713A5F00DD74D5 /* SeedPhotographerMapViewController.h */ = {isa = PBXFileReference; fileEncoding = 4; lastKnownFileType = sourcecode.c.h; path = SeedPhotographerMapViewController.h; sourceTree = "<group>"; };
		CA67370218713A5F00DD74D5 /* SeedPhotographerMapViewController.m */ = {isa = PBXFileReference; fileEncoding = 4; lastKnownFileType = sourcecode.c.objc; path = SeedPhotographerMapViewController.m; sourceTree = "<group>"; };
		CA67370418713D6900DD74D5 /* Photo+MKAnnotation.h */ = {isa = PBXFileReference; fileEncoding = 4; lastKnownFileType = sourcecode.c.h; path = "Photo+MKAnnotation.h"; sourceTree = "<group>"; };
		CA67370518713D6900DD74D5 /* Photo+MKAnnotation.m */ = {isa = PBXFileReference; fileEncoding = 4; lastKnownFileType = sourcecode.c.objc; path = "Photo+MKAnnotation.m"; sourceTree = "<group>"; };
		CA67370718713D8400DD74D5 /* Photographer+MKAnnotation.h */ = {isa = PBXFileReference; fileEncoding = 4; lastKnownFileType = sourcecode.c.h; path = "Photographer+MKAnnotation.h"; sourceTree = "<group>"; };
		CA67370818713D8400DD74D5 /* Photographer+MKAnnotation.m */ = {isa = PBXFileReference; fileEncoding = 4; lastKnownFileType = sourcecode.c.objc; path = "Photographer+MKAnnotation.m"; sourceTree = "<group>"; };
		CA67370D18713F2F00DD74D5 /* Photo.h */ = {isa = PBXFileReference; fileEncoding = 4; lastKnownFileType = sourcecode.c.h; path = Photo.h; sourceTree = "<group>"; };
		CA67370E18713F2F00DD74D5 /* Photo.m */ = {isa = PBXFileReference; fileEncoding = 4; lastKnownFileType = sourcecode.c.objc; path = Photo.m; sourceTree = "<group>"; };
		CA68CB1B1853EC2A002C4D6C /* Place+Flickr.h */ = {isa = PBXFileReference; fileEncoding = 4; lastKnownFileType = sourcecode.c.h; path = "Place+Flickr.h"; sourceTree = "<group>"; };
		CA68CB1C1853EC2A002C4D6C /* Place+Flickr.m */ = {isa = PBXFileReference; fileEncoding = 4; lastKnownFileType = sourcecode.c.objc; path = "Place+Flickr.m"; sourceTree = "<group>"; };
		CA68CB211853FBFC002C4D6C /* FlickrPlacesCDTVC.h */ = {isa = PBXFileReference; fileEncoding = 4; lastKnownFileType = sourcecode.c.h; path = FlickrPlacesCDTVC.h; sourceTree = "<group>"; };
		CA68CB221853FBFC002C4D6C /* FlickrPlacesCDTVC.m */ = {isa = PBXFileReference; fileEncoding = 4; lastKnownFileType = sourcecode.c.objc; path = FlickrPlacesCDTVC.m; sourceTree = "<group>"; };
		CA68CB2418541E58002C4D6C /* SeedFlickrPlacesCDTVC.h */ = {isa = PBXFileReference; fileEncoding = 4; lastKnownFileType = sourcecode.c.h; path = SeedFlickrPlacesCDTVC.h; sourceTree = "<group>"; };
		CA68CB2518541E58002C4D6C /* SeedFlickrPlacesCDTVC.m */ = {isa = PBXFileReference; fileEncoding = 4; lastKnownFileType = sourcecode.c.objc; path = SeedFlickrPlacesCDTVC.m; sourceTree = "<group>"; };
		CA68CB2718542847002C4D6C /* CoreData.framework */ = {isa = PBXFileReference; lastKnownFileType = wrapper.framework; name = CoreData.framework; path = System/Library/Frameworks/CoreData.framework; sourceTree = SDKROOT; };
/* End PBXFileReference section */

/* Begin PBXFrameworksBuildPhase section */
		CA3B189018539E3000935AF1 /* Frameworks */ = {
			isa = PBXFrameworksBuildPhase;
			buildActionMask = 2147483647;
			files = (
				CA68CB2818542847002C4D6C /* CoreData.framework in Frameworks */,
				CA3B189918539E3000935AF1 /* CoreGraphics.framework in Frameworks */,
				CA3B189B18539E3000935AF1 /* UIKit.framework in Frameworks */,
				CA3B189718539E3000935AF1 /* Foundation.framework in Frameworks */,
			);
			runOnlyForDeploymentPostprocessing = 0;
		};
		CA3B18B118539E3000935AF1 /* Frameworks */ = {
			isa = PBXFrameworksBuildPhase;
			buildActionMask = 2147483647;
			files = (
				CA3B18B618539E3000935AF1 /* XCTest.framework in Frameworks */,
				CA3B18B818539E3100935AF1 /* UIKit.framework in Frameworks */,
				CA3B18B718539E3000935AF1 /* Foundation.framework in Frameworks */,
			);
			runOnlyForDeploymentPostprocessing = 0;
		};
/* End PBXFrameworksBuildPhase section */

/* Begin PBXGroup section */
		CA3B188A18539E3000935AF1 = {
			isa = PBXGroup;
			children = (
				CA3B189C18539E3000935AF1 /* Photomania */,
				CA3B18BB18539E3100935AF1 /* PhotomaniaTests */,
				CA3B189518539E3000935AF1 /* Frameworks */,
				CA3B189418539E3000935AF1 /* Products */,
			);
			sourceTree = "<group>";
		};
		CA3B189418539E3000935AF1 /* Products */ = {
			isa = PBXGroup;
			children = (
				CA3B189318539E3000935AF1 /* Photomania.app */,
				CA3B18B418539E3000935AF1 /* PhotomaniaTests.xctest */,
			);
			name = Products;
			sourceTree = "<group>";
		};
		CA3B189518539E3000935AF1 /* Frameworks */ = {
			isa = PBXGroup;
			children = (
				CA68CB2718542847002C4D6C /* CoreData.framework */,
				CA3B189618539E3000935AF1 /* Foundation.framework */,
				CA3B189818539E3000935AF1 /* CoreGraphics.framework */,
				CA3B189A18539E3000935AF1 /* UIKit.framework */,
				CA3B18B518539E3000935AF1 /* XCTest.framework */,
			);
			name = Frameworks;
			sourceTree = "<group>";
		};
		CA3B189C18539E3000935AF1 /* Photomania */ = {
			isa = PBXGroup;
			children = (
				CA6736C81870B8A800DD74D5 /* Model */,
				CA6736C91870B8BD00DD74D5 /* View */,
				CA6736CA1870B8D500DD74D5 /* Control-iPhone */,
				CA6736DF18712F0F00DD74D5 /* Control-iPad */,
				CA6736CB1870B92600DD74D5 /* Utility */,
				CA3B189D18539E3000935AF1 /* Supporting Files */,
			);
			path = Photomania;
			sourceTree = "<group>";
		};
		CA3B189D18539E3000935AF1 /* Supporting Files */ = {
			isa = PBXGroup;
			children = (
				CA6736D81871029600DD74D5 /* UITableViewCellPlaceholderImage.png */,
				CA3B18AE18539E3000935AF1 /* Images.xcassets */,
				CA3B189E18539E3000935AF1 /* Photomania-Info.plist */,
				CA3B189F18539E3000935AF1 /* InfoPlist.strings */,
				CA3B18A418539E3000935AF1 /* Photomania-Prefix.pch */,
				CA3B18A218539E3000935AF1 /* main.m */,
				CA3B18A518539E3000935AF1 /* AppDelegate.h */,
				CA3B18A618539E3000935AF1 /* AppDelegate.m */,
			);
			name = "Supporting Files";
			sourceTree = "<group>";
		};
		CA3B18BB18539E3100935AF1 /* PhotomaniaTests */ = {
			isa = PBXGroup;
			children = (
				CA3B18C118539E3100935AF1 /* PhotomaniaTests.m */,
				CA3B18BC18539E3100935AF1 /* Supporting Files */,
			);
			path = PhotomaniaTests;
			sourceTree = "<group>";
		};
		CA3B18BC18539E3100935AF1 /* Supporting Files */ = {
			isa = PBXGroup;
			children = (
				CA3B18BD18539E3100935AF1 /* PhotomaniaTests-Info.plist */,
				CA3B18BE18539E3100935AF1 /* InfoPlist.strings */,
			);
			name = "Supporting Files";
			sourceTree = "<group>";
		};
		CA6736C81870B8A800DD74D5 /* Model */ = {
			isa = PBXGroup;
			children = (
				CA3B18CB18539EFF00935AF1 /* Model.xcdatamodeld */,
				CA6736F81871347E00DD74D5 /* Photographer.h */,
				CA6736F91871347E00DD74D5 /* Photographer.m */,
				CA6736FE187135C800DD74D5 /* Photographer+Create.h */,
				CA6736FF187135C800DD74D5 /* Photographer+Create.m */,
				CA67370718713D8400DD74D5 /* Photographer+MKAnnotation.h */,
				CA67370818713D8400DD74D5 /* Photographer+MKAnnotation.m */,
				CA67370D18713F2F00DD74D5 /* Photo.h */,
				CA67370E18713F2F00DD74D5 /* Photo.m */,
				CA587C971853B28600061060 /* Photo+Flickr.h */,
				CA587C981853B28600061060 /* Photo+Flickr.m */,
				CA67370418713D6900DD74D5 /* Photo+MKAnnotation.h */,
				CA67370518713D6900DD74D5 /* Photo+MKAnnotation.m */,
				CA6736C2187011B700DD74D5 /* Place.h */,
				CA6736C3187011B700DD74D5 /* Place.m */,
				CA68CB1B1853EC2A002C4D6C /* Place+Flickr.h */,
				CA68CB1C1853EC2A002C4D6C /* Place+Flickr.m */,
			);
			name = Model;
			sourceTree = "<group>";
		};
		CA6736C91870B8BD00DD74D5 /* View */ = {
			isa = PBXGroup;
			children = (
				CA3B18A818539E3000935AF1 /* iPhone.storyboard */,
				CA6736DA18712C0300DD74D5 /* iPad.storyboard */,
			);
			name = View;
			sourceTree = "<group>";
		};
		CA6736CA1870B8D500DD74D5 /* Control-iPhone */ = {
			isa = PBXGroup;
			children = (
				CA587C7E1853AE9A00061060 /* CoreDataTableViewController.h */,
				CA587C7F1853AE9A00061060 /* CoreDataTableViewController.m */,
				CA68CB211853FBFC002C4D6C /* FlickrPlacesCDTVC.h */,
				CA68CB221853FBFC002C4D6C /* FlickrPlacesCDTVC.m */,
				CA68CB2418541E58002C4D6C /* SeedFlickrPlacesCDTVC.h */,
				CA68CB2518541E58002C4D6C /* SeedFlickrPlacesCDTVC.m */,
				CA178E2618550942004AAC79 /* FlickrPhotosCDTVC.h */,
				CA178E2718550942004AAC79 /* FlickrPhotosCDTVC.m */,
				CA6736B3186FDEB700DD74D5 /* PlaceFlickrPhotosCDTVC.h */,
				CA6736B4186FDEB700DD74D5 /* PlaceFlickrPhotosCDTVC.m */,
				CA6736B6186FDEF000DD74D5 /* LatestGeoreferencedFlickrPhotosCDTVC.h */,
				CA6736B7186FDEF000DD74D5 /* LatestGeoreferencedFlickrPhotosCDTVC.m */,
				CA6736BB186FF3AF00DD74D5 /* FlickrPhotoViewController.h */,
				CA6736BC186FF3AF00DD74D5 /* FlickrPhotoViewController.m */,
				CA6736B9186FF3AF00DD74D5 /* FlickrPhotoLayoutView.h */,
				CA6736BA186FF3AF00DD74D5 /* FlickrPhotoLayoutView.m */,
			);
			name = "Control-iPhone";
			sourceTree = "<group>";
		};
		CA6736CB1870B92600DD74D5 /* Utility */ = {
			isa = PBXGroup;
			children = (
				CA6736D51870D15100DD74D5 /* UIManagedDocumentHandler.h */,
				CA6736D61870D15100DD74D5 /* UIManagedDocumentHandler.m */,
				CA6736BF186FF3F000DD74D5 /* FlickrPhotoCacheManager.h */,
				CA6736C0186FF3F000DD74D5 /* FlickrPhotoCacheManager.m */,
				CA587C801853AE9A00061060 /* FlickrAPIKey.h */,
				CA587C811853AE9A00061060 /* FlickrFetcher.h */,
				CA587C821853AE9A00061060 /* FlickrFetcher.m */,
			);
			name = Utility;
			sourceTree = "<group>";
		};
		CA6736DF18712F0F00DD74D5 /* Control-iPad */ = {
			isa = PBXGroup;
			children = (
				CA6736DC18712EFF00DD74D5 /* MapViewController.h */,
				CA6736DD18712EFF00DD74D5 /* MapViewController.m */,
				CA6736E01871300C00DD74D5 /* PhotographerMapViewController.h */,
				CA6736E11871300C00DD74D5 /* PhotographerMapViewController.m */,
				CA67370118713A5F00DD74D5 /* SeedPhotographerMapViewController.h */,
				CA67370218713A5F00DD74D5 /* SeedPhotographerMapViewController.m */,
				CA6736E31871309A00DD74D5 /* PhotosByPhotographerMapViewController.h */,
				CA6736E41871309A00DD74D5 /* PhotosByPhotographerMapViewController.m */,
			);
			name = "Control-iPad";
			sourceTree = "<group>";
		};
/* End PBXGroup section */

/* Begin PBXNativeTarget section */
		CA3B189218539E3000935AF1 /* Photomania */ = {
			isa = PBXNativeTarget;
			buildConfigurationList = CA3B18C518539E3100935AF1 /* Build configuration list for PBXNativeTarget "Photomania" */;
			buildPhases = (
				CA3B188F18539E3000935AF1 /* Sources */,
				CA3B189018539E3000935AF1 /* Frameworks */,
				CA3B189118539E3000935AF1 /* Resources */,
			);
			buildRules = (
			);
			dependencies = (
			);
			name = Photomania;
			productName = Photomania;
			productReference = CA3B189318539E3000935AF1 /* Photomania.app */;
			productType = "com.apple.product-type.application";
		};
		CA3B18B318539E3000935AF1 /* PhotomaniaTests */ = {
			isa = PBXNativeTarget;
			buildConfigurationList = CA3B18C818539E3100935AF1 /* Build configuration list for PBXNativeTarget "PhotomaniaTests" */;
			buildPhases = (
				CA3B18B018539E3000935AF1 /* Sources */,
				CA3B18B118539E3000935AF1 /* Frameworks */,
				CA3B18B218539E3000935AF1 /* Resources */,
			);
			buildRules = (
			);
			dependencies = (
				CA3B18BA18539E3100935AF1 /* PBXTargetDependency */,
			);
			name = PhotomaniaTests;
			productName = PhotomaniaTests;
			productReference = CA3B18B418539E3000935AF1 /* PhotomaniaTests.xctest */;
			productType = "com.apple.product-type.bundle.unit-test";
		};
/* End PBXNativeTarget section */

/* Begin PBXProject section */
		CA3B188B18539E3000935AF1 /* Project object */ = {
			isa = PBXProject;
			attributes = {
				LastUpgradeCheck = 0500;
				ORGANIZATIONNAME = "Brandon Ashcraft";
				TargetAttributes = {
					CA3B189218539E3000935AF1 = {
						DevelopmentTeam = 97LJN679QH;
					};
					CA3B18B318539E3000935AF1 = {
						TestTargetID = CA3B189218539E3000935AF1;
					};
				};
			};
			buildConfigurationList = CA3B188E18539E3000935AF1 /* Build configuration list for PBXProject "Photomania" */;
			compatibilityVersion = "Xcode 3.2";
			developmentRegion = English;
			hasScannedForEncodings = 0;
			knownRegions = (
				en,
				Base,
			);
			mainGroup = CA3B188A18539E3000935AF1;
			productRefGroup = CA3B189418539E3000935AF1 /* Products */;
			projectDirPath = "";
			projectRoot = "";
			targets = (
				CA3B189218539E3000935AF1 /* Photomania */,
				CA3B18B318539E3000935AF1 /* PhotomaniaTests */,
			);
		};
/* End PBXProject section */

/* Begin PBXResourcesBuildPhase section */
		CA3B189118539E3000935AF1 /* Resources */ = {
			isa = PBXResourcesBuildPhase;
			buildActionMask = 2147483647;
			files = (
				CA3B18AF18539E3000935AF1 /* Images.xcassets in Resources */,
				CA6736D91871029600DD74D5 /* UITableViewCellPlaceholderImage.png in Resources */,
				CA3B18A118539E3000935AF1 /* InfoPlist.strings in Resources */,
				CA3B18AA18539E3000935AF1 /* iPhone.storyboard in Resources */,
				CA6736DB18712C0300DD74D5 /* iPad.storyboard in Resources */,
			);
			runOnlyForDeploymentPostprocessing = 0;
		};
		CA3B18B218539E3000935AF1 /* Resources */ = {
			isa = PBXResourcesBuildPhase;
			buildActionMask = 2147483647;
			files = (
				CA3B18C018539E3100935AF1 /* InfoPlist.strings in Resources */,
			);
			runOnlyForDeploymentPostprocessing = 0;
		};
/* End PBXResourcesBuildPhase section */

/* Begin PBXSourcesBuildPhase section */
		CA3B188F18539E3000935AF1 /* Sources */ = {
			isa = PBXSourcesBuildPhase;
			buildActionMask = 2147483647;
			files = (
				CA6736C1186FF3F000DD74D5 /* FlickrPhotoCacheManager.m in Sources */,
				CA6736D71870D15100DD74D5 /* UIManagedDocumentHandler.m in Sources */,
				CA67370618713D6900DD74D5 /* Photo+MKAnnotation.m in Sources */,
				CA587C991853B28600061060 /* Photo+Flickr.m in Sources */,
				CA67370F18713F2F00DD74D5 /* Photo.m in Sources */,
				CA6736B5186FDEB700DD74D5 /* PlaceFlickrPhotosCDTVC.m in Sources */,
				CA6736BE186FF3AF00DD74D5 /* FlickrPhotoViewController.m in Sources */,
				CA6736B8186FDEF000DD74D5 /* LatestGeoreferencedFlickrPhotosCDTVC.m in Sources */,
				CA6736E21871300C00DD74D5 /* PhotographerMapViewController.m in Sources */,
				CA673700187135C800DD74D5 /* Photographer+Create.m in Sources */,
				CA178E2818550942004AAC79 /* FlickrPhotosCDTVC.m in Sources */,
				CA3B18A718539E3000935AF1 /* AppDelegate.m in Sources */,
				CA68CB231853FBFC002C4D6C /* FlickrPlacesCDTVC.m in Sources */,
				CA67370918713D8400DD74D5 /* Photographer+MKAnnotation.m in Sources */,
				CA6736E51871309A00DD74D5 /* PhotosByPhotographerMapViewController.m in Sources */,
				CA3B18A318539E3000935AF1 /* main.m in Sources */,
				CA587C831853AE9A00061060 /* CoreDataTableViewController.m in Sources */,
				CA67370318713A5F00DD74D5 /* SeedPhotographerMapViewController.m in Sources */,
				CA6736FA1871347E00DD74D5 /* Photographer.m in Sources */,
				CA6736BD186FF3AF00DD74D5 /* FlickrPhotoLayoutView.m in Sources */,
				CA68CB2618541E58002C4D6C /* SeedFlickrPlacesCDTVC.m in Sources */,
				CA587C841853AE9A00061060 /* FlickrFetcher.m in Sources */,
				CA3B18CD18539EFF00935AF1 /* Model.xcdatamodeld in Sources */,
				CA6736DE18712EFF00DD74D5 /* MapViewController.m in Sources */,
				CA6736C4187011B700DD74D5 /* Place.m in Sources */,
				CA68CB1D1853EC2A002C4D6C /* Place+Flickr.m in Sources */,
			);
			runOnlyForDeploymentPostprocessing = 0;
		};
		CA3B18B018539E3000935AF1 /* Sources */ = {
			isa = PBXSourcesBuildPhase;
			buildActionMask = 2147483647;
			files = (
				CA3B18C218539E3100935AF1 /* PhotomaniaTests.m in Sources */,
			);
			runOnlyForDeploymentPostprocessing = 0;
		};
/* End PBXSourcesBuildPhase section */

/* Begin PBXTargetDependency section */
		CA3B18BA18539E3100935AF1 /* PBXTargetDependency */ = {
			isa = PBXTargetDependency;
			target = CA3B189218539E3000935AF1 /* Photomania */;
			targetProxy = CA3B18B918539E3100935AF1 /* PBXContainerItemProxy */;
		};
/* End PBXTargetDependency section */

/* Begin PBXVariantGroup section */
		CA3B189F18539E3000935AF1 /* InfoPlist.strings */ = {
			isa = PBXVariantGroup;
			children = (
				CA3B18A018539E3000935AF1 /* en */,
			);
			name = InfoPlist.strings;
			sourceTree = "<group>";
		};
		CA3B18A818539E3000935AF1 /* iPhone.storyboard */ = {
			isa = PBXVariantGroup;
			children = (
				CA3B18A918539E3000935AF1 /* Base */,
			);
			name = iPhone.storyboard;
			sourceTree = "<group>";
		};
		CA3B18BE18539E3100935AF1 /* InfoPlist.strings */ = {
			isa = PBXVariantGroup;
			children = (
				CA3B18BF18539E3100935AF1 /* en */,
			);
			name = InfoPlist.strings;
			sourceTree = "<group>";
		};
/* End PBXVariantGroup section */

/* Begin XCBuildConfiguration section */
		CA3B18C318539E3100935AF1 /* Debug */ = {
			isa = XCBuildConfiguration;
			buildSettings = {
				ALWAYS_SEARCH_USER_PATHS = NO;
				ARCHS = "$(ARCHS_STANDARD_INCLUDING_64_BIT)";
				CLANG_CXX_LANGUAGE_STANDARD = "gnu++0x";
				CLANG_CXX_LIBRARY = "libc++";
				CLANG_ENABLE_MODULES = YES;
				CLANG_ENABLE_OBJC_ARC = YES;
				CLANG_WARN_BOOL_CONVERSION = YES;
				CLANG_WARN_CONSTANT_CONVERSION = YES;
				CLANG_WARN_DIRECT_OBJC_ISA_USAGE = YES_ERROR;
				CLANG_WARN_EMPTY_BODY = YES;
				CLANG_WARN_ENUM_CONVERSION = YES;
				CLANG_WARN_INT_CONVERSION = YES;
				CLANG_WARN_OBJC_ROOT_CLASS = YES_ERROR;
				CLANG_WARN__DUPLICATE_METHOD_MATCH = YES;
				"CODE_SIGN_IDENTITY[sdk=iphoneos*]" = "iPhone Developer";
				COPY_PHASE_STRIP = NO;
				GCC_C_LANGUAGE_STANDARD = gnu99;
				GCC_DYNAMIC_NO_PIC = NO;
				GCC_OPTIMIZATION_LEVEL = 0;
				GCC_PREPROCESSOR_DEFINITIONS = (
					"DEBUG=1",
					"$(inherited)",
				);
				GCC_SYMBOLS_PRIVATE_EXTERN = NO;
				GCC_WARN_64_TO_32_BIT_CONVERSION = YES;
				GCC_WARN_ABOUT_RETURN_TYPE = YES_ERROR;
				GCC_WARN_UNDECLARED_SELECTOR = YES;
				GCC_WARN_UNINITIALIZED_AUTOS = YES;
				GCC_WARN_UNUSED_FUNCTION = YES;
				GCC_WARN_UNUSED_VARIABLE = YES;
				IPHONEOS_DEPLOYMENT_TARGET = 7.0;
				ONLY_ACTIVE_ARCH = YES;
				SDKROOT = iphoneos;
			};
			name = Debug;
		};
		CA3B18C418539E3100935AF1 /* Release */ = {
			isa = XCBuildConfiguration;
			buildSettings = {
				ALWAYS_SEARCH_USER_PATHS = NO;
				ARCHS = "$(ARCHS_STANDARD_INCLUDING_64_BIT)";
				CLANG_CXX_LANGUAGE_STANDARD = "gnu++0x";
				CLANG_CXX_LIBRARY = "libc++";
				CLANG_ENABLE_MODULES = YES;
				CLANG_ENABLE_OBJC_ARC = YES;
				CLANG_WARN_BOOL_CONVERSION = YES;
				CLANG_WARN_CONSTANT_CONVERSION = YES;
				CLANG_WARN_DIRECT_OBJC_ISA_USAGE = YES_ERROR;
				CLANG_WARN_EMPTY_BODY = YES;
				CLANG_WARN_ENUM_CONVERSION = YES;
				CLANG_WARN_INT_CONVERSION = YES;
				CLANG_WARN_OBJC_ROOT_CLASS = YES_ERROR;
				CLANG_WARN__DUPLICATE_METHOD_MATCH = YES;
				"CODE_SIGN_IDENTITY[sdk=iphoneos*]" = "iPhone Developer";
				COPY_PHASE_STRIP = YES;
				ENABLE_NS_ASSERTIONS = NO;
				GCC_C_LANGUAGE_STANDARD = gnu99;
				GCC_WARN_64_TO_32_BIT_CONVERSION = YES;
				GCC_WARN_ABOUT_RETURN_TYPE = YES_ERROR;
				GCC_WARN_UNDECLARED_SELECTOR = YES;
				GCC_WARN_UNINITIALIZED_AUTOS = YES;
				GCC_WARN_UNUSED_FUNCTION = YES;
				GCC_WARN_UNUSED_VARIABLE = YES;
				IPHONEOS_DEPLOYMENT_TARGET = 7.0;
				SDKROOT = iphoneos;
				VALIDATE_PRODUCT = YES;
			};
			name = Release;
		};
		CA3B18C618539E3100935AF1 /* Debug */ = {
			isa = XCBuildConfiguration;
			buildSettings = {
				ASSETCATALOG_COMPILER_APPICON_NAME = AppIcon;
				ASSETCATALOG_COMPILER_LAUNCHIMAGE_NAME = LaunchImage;
				CODE_SIGN_IDENTITY = "iPhone Developer";
				GCC_PRECOMPILE_PREFIX_HEADER = YES;
				GCC_PREFIX_HEADER = "Photomania/Photomania-Prefix.pch";
				INFOPLIST_FILE = "Photomania/Photomania-Info.plist";
				IPHONEOS_DEPLOYMENT_TARGET = 7.0;
				PRODUCT_NAME = "$(TARGET_NAME)";
				TARGETED_DEVICE_FAMILY = "1,2";
				WRAPPER_EXTENSION = app;
			};
			name = Debug;
		};
		CA3B18C718539E3100935AF1 /* Release */ = {
			isa = XCBuildConfiguration;
			buildSettings = {
				ASSETCATALOG_COMPILER_APPICON_NAME = AppIcon;
				ASSETCATALOG_COMPILER_LAUNCHIMAGE_NAME = LaunchImage;
				CODE_SIGN_IDENTITY = "iPhone Developer";
				GCC_PRECOMPILE_PREFIX_HEADER = YES;
				GCC_PREFIX_HEADER = "Photomania/Photomania-Prefix.pch";
				INFOPLIST_FILE = "Photomania/Photomania-Info.plist";
				IPHONEOS_DEPLOYMENT_TARGET = 7.0;
				PRODUCT_NAME = "$(TARGET_NAME)";
				TARGETED_DEVICE_FAMILY = "1,2";
				WRAPPER_EXTENSION = app;
			};
			name = Release;
		};
		CA3B18C918539E3100935AF1 /* Debug */ = {
			isa = XCBuildConfiguration;
			buildSettings = {
				ARCHS = "$(ARCHS_STANDARD_INCLUDING_64_BIT)";
				BUNDLE_LOADER = "$(BUILT_PRODUCTS_DIR)/Photomania.app/Photomania";
				FRAMEWORK_SEARCH_PATHS = (
					"$(SDKROOT)/Developer/Library/Frameworks",
					"$(inherited)",
					"$(DEVELOPER_FRAMEWORKS_DIR)",
				);
				GCC_PRECOMPILE_PREFIX_HEADER = YES;
				GCC_PREFIX_HEADER = "Photomania/Photomania-Prefix.pch";
				GCC_PREPROCESSOR_DEFINITIONS = (
					"DEBUG=1",
					"$(inherited)",
				);
				INFOPLIST_FILE = "PhotomaniaTests/PhotomaniaTests-Info.plist";
				PRODUCT_NAME = "$(TARGET_NAME)";
				TEST_HOST = "$(BUNDLE_LOADER)";
				WRAPPER_EXTENSION = xctest;
			};
			name = Debug;
		};
		CA3B18CA18539E3100935AF1 /* Release */ = {
			isa = XCBuildConfiguration;
			buildSettings = {
				ARCHS = "$(ARCHS_STANDARD_INCLUDING_64_BIT)";
				BUNDLE_LOADER = "$(BUILT_PRODUCTS_DIR)/Photomania.app/Photomania";
				FRAMEWORK_SEARCH_PATHS = (
					"$(SDKROOT)/Developer/Library/Frameworks",
					"$(inherited)",
					"$(DEVELOPER_FRAMEWORKS_DIR)",
				);
				GCC_PRECOMPILE_PREFIX_HEADER = YES;
				GCC_PREFIX_HEADER = "Photomania/Photomania-Prefix.pch";
				INFOPLIST_FILE = "PhotomaniaTests/PhotomaniaTests-Info.plist";
				PRODUCT_NAME = "$(TARGET_NAME)";
				TEST_HOST = "$(BUNDLE_LOADER)";
				WRAPPER_EXTENSION = xctest;
			};
			name = Release;
		};
/* End XCBuildConfiguration section */

/* Begin XCConfigurationList section */
		CA3B188E18539E3000935AF1 /* Build configuration list for PBXProject "Photomania" */ = {
			isa = XCConfigurationList;
			buildConfigurations = (
				CA3B18C318539E3100935AF1 /* Debug */,
				CA3B18C418539E3100935AF1 /* Release */,
			);
			defaultConfigurationIsVisible = 0;
			defaultConfigurationName = Release;
		};
		CA3B18C518539E3100935AF1 /* Build configuration list for PBXNativeTarget "Photomania" */ = {
			isa = XCConfigurationList;
			buildConfigurations = (
				CA3B18C618539E3100935AF1 /* Debug */,
				CA3B18C718539E3100935AF1 /* Release */,
			);
			defaultConfigurationIsVisible = 0;
			defaultConfigurationName = Release;
		};
		CA3B18C818539E3100935AF1 /* Build configuration list for PBXNativeTarget "PhotomaniaTests" */ = {
			isa = XCConfigurationList;
			buildConfigurations = (
				CA3B18C918539E3100935AF1 /* Debug */,
				CA3B18CA18539E3100935AF1 /* Release */,
			);
			defaultConfigurationIsVisible = 0;
			defaultConfigurationName = Release;
		};
/* End XCConfigurationList section */

/* Begin XCVersionGroup section */
		CA3B18CB18539EFF00935AF1 /* Model.xcdatamodeld */ = {
			isa = XCVersionGroup;
			children = (
				CA3B18CC18539EFF00935AF1 /* Model.xcdatamodel */,
			);
			currentVersion = CA3B18CC18539EFF00935AF1 /* Model.xcdatamodel */;
			path = Model.xcdatamodeld;
			sourceTree = "<group>";
			versionGroupType = wrapper.xcdatamodel;
		};
/* End XCVersionGroup section */
	};
	rootObject = CA3B188B18539E3000935AF1 /* Project object */;
}
